{
  "lockfile_version": "1",
  "packages": {
    "github:NixOS/nixpkgs/nixpkgs-unstable": {
      "last_modified": "2026-02-10T02:06:53Z",
      "resolved": "github:NixOS/nixpkgs/49d75834011c94a120a9cb874ac1c4d8b7bfc767?lastModified=1770689213&narHash=sha256-N6JiSpfi0s8NjUTnjwo3c%2BYAmvYhCDzjCKCrTUC97xM%3D"
    },
    "go-task@latest": {
      "last_modified": "2026-02-02T23:09:17Z",
      "resolved": "github:NixOS/nixpkgs/47472570b1e607482890801aeaf29bfb749884f6#go-task",
      "source": "devbox-search",
      "version": "3.48.0",
      "systems": {
        "aarch64-darwin": {
          "outputs": [
            {
              "name": "out",
              "path": "/nix/store/xcbnv9rgpbrrbjc9rhcryn29fkapyy7a-go-task-3.48.0",
              "default": true
            }
          ],
          "store_path": "/nix/store/xcbnv9rgpbrrbjc9rhcryn29fkapyy7a-go-task-3.48.0"
        },
        "aarch64-linux": {
          "outputs": [
            {
              "name": "out",
              "path": "/nix/store/ncpxzr2h6wmbw3x1rk64wbpdrdk7hnc5-go-task-3.48.0",
              "default": true
            }
          ],
          "store_path": "/nix/store/ncpxzr2h6wmbw3x1rk64wbpdrdk7hnc5-go-task-3.48.0"
        },
        "x86_64-darwin": {
          "outputs": [
            {
              "name": "out",
              "path": "/nix/store/xvrsali850p07x38l7vg337nfmy8sf4d-go-task-3.48.0",
              "default": true
            }
          ],
          "store_path": "/nix/store/xvrsali850p07x38l7vg337nfmy8sf4d-go-task-3.48.0"
        },
        "x86_64-linux": {
          "outputs": [
            {
              "name": "out",
              "path": "/nix/store/5aa1yhiq2vx8widj750xb8b7rp21xrwn-go-task-3.48.0",
              "default": true
            }
          ],
          "store_path": "/nix/store/5aa1yhiq2vx8widj750xb8b7rp21xrwn-go-task-3.48.0"
        }
      }
    }
  }
}
